// !$*UTF8*$!
{
	archiveVersion = 1;
	classes = {
	};
	objectVersion = 52;
	objects = {

/* Begin PBXBuildFile section */
		0306200327C983A300F7ACBB /* MoviesViewController.swift in Sources */ = {isa = PBXBuildFile; fileRef = 0306200227C983A300F7ACBB /* MoviesViewController.swift */; };
		0306200C27C98C6600F7ACBB /* AlamofireImage in Frameworks */ = {isa = PBXBuildFile; productRef = 0306200B27C98C6600F7ACBB /* AlamofireImage */; };
		0306201127C9916700F7ACBB /* MovieCell.swift in Sources */ = {isa = PBXBuildFile; fileRef = 0306201027C9916700F7ACBB /* MovieCell.swift */; };
		0310914427C95E6800B415C3 /* AppDelegate.swift in Sources */ = {isa = PBXBuildFile; fileRef = 0310914327C95E6800B415C3 /* AppDelegate.swift */; };
		0310914627C95E6800B415C3 /* SceneDelegate.swift in Sources */ = {isa = PBXBuildFile; fileRef = 0310914527C95E6800B415C3 /* SceneDelegate.swift */; };
		0310914827C95E6800B415C3 /* ViewController.swift in Sources */ = {isa = PBXBuildFile; fileRef = 0310914727C95E6800B415C3 /* ViewController.swift */; };
		0310914B27C95E6800B415C3 /* Main.storyboard in Resources */ = {isa = PBXBuildFile; fileRef = 0310914927C95E6800B415C3 /* Main.storyboard */; };
		0310914D27C95E6B00B415C3 /* Assets.xcassets in Resources */ = {isa = PBXBuildFile; fileRef = 0310914C27C95E6B00B415C3 /* Assets.xcassets */; };
		0310915027C95E6B00B415C3 /* LaunchScreen.storyboard in Resources */ = {isa = PBXBuildFile; fileRef = 0310914E27C95E6B00B415C3 /* LaunchScreen.storyboard */; };
		0310915B27C95E6B00B415C3 /* flixTests.swift in Sources */ = {isa = PBXBuildFile; fileRef = 0310915A27C95E6B00B415C3 /* flixTests.swift */; };
		0310916627C95E6B00B415C3 /* flixUITests.swift in Sources */ = {isa = PBXBuildFile; fileRef = 0310916527C95E6B00B415C3 /* flixUITests.swift */; };
		145D52ED5CD9DF9672991DDB /* Pods_flix_flixUITests.framework in Frameworks */ = {isa = PBXBuildFile; fileRef = 26D25A0B6E30A2F0C9C0A134 /* Pods_flix_flixUITests.framework */; };
		50DE407A3C6B4B21D9545D59 /* Pods_flix.framework in Frameworks */ = {isa = PBXBuildFile; fileRef = EA8D573C866D0580F918C184 /* Pods_flix.framework */; };
		71563E857F3DD7757D653091 /* Pods_flixTests.framework in Frameworks */ = {isa = PBXBuildFile; fileRef = E654D0F46E1BFAA72A063DC1 /* Pods_flixTests.framework */; };
/* End PBXBuildFile section */

/* Begin PBXContainerItemProxy section */
		0310915727C95E6B00B415C3 /* PBXContainerItemProxy */ = {
			isa = PBXContainerItemProxy;
			containerPortal = 0310913827C95E6800B415C3 /* Project object */;
			proxyType = 1;
			remoteGlobalIDString = 0310913F27C95E6800B415C3;
			remoteInfo = flix;
		};
		0310916227C95E6B00B415C3 /* PBXContainerItemProxy */ = {
			isa = PBXContainerItemProxy;
			containerPortal = 0310913827C95E6800B415C3 /* Project object */;
			proxyType = 1;
			remoteGlobalIDString = 0310913F27C95E6800B415C3;
			remoteInfo = flix;
		};
/* End PBXContainerItemProxy section */

/* Begin PBXFileReference section */
		0306200227C983A300F7ACBB /* MoviesViewController.swift */ = {isa = PBXFileReference; lastKnownFileType = sourcecode.swift; path = MoviesViewController.swift; sourceTree = "<group>"; };
		0306201027C9916700F7ACBB /* MovieCell.swift */ = {isa = PBXFileReference; lastKnownFileType = sourcecode.swift; path = MovieCell.swift; sourceTree = "<group>"; };
		0310914027C95E6800B415C3 /* flix.app */ = {isa = PBXFileReference; explicitFileType = wrapper.application; includeInIndex = 0; path = flix.app; sourceTree = BUILT_PRODUCTS_DIR; };
		0310914327C95E6800B415C3 /* AppDelegate.swift */ = {isa = PBXFileReference; lastKnownFileType = sourcecode.swift; path = AppDelegate.swift; sourceTree = "<group>"; };
		0310914527C95E6800B415C3 /* SceneDelegate.swift */ = {isa = PBXFileReference; lastKnownFileType = sourcecode.swift; path = SceneDelegate.swift; sourceTree = "<group>"; };
		0310914727C95E6800B415C3 /* ViewController.swift */ = {isa = PBXFileReference; lastKnownFileType = sourcecode.swift; path = ViewController.swift; sourceTree = "<group>"; };
		0310914A27C95E6800B415C3 /* Base */ = {isa = PBXFileReference; lastKnownFileType = file.storyboard; name = Base; path = Base.lproj/Main.storyboard; sourceTree = "<group>"; };
		0310914C27C95E6B00B415C3 /* Assets.xcassets */ = {isa = PBXFileReference; lastKnownFileType = folder.assetcatalog; path = Assets.xcassets; sourceTree = "<group>"; };
		0310914F27C95E6B00B415C3 /* Base */ = {isa = PBXFileReference; lastKnownFileType = file.storyboard; name = Base; path = Base.lproj/LaunchScreen.storyboard; sourceTree = "<group>"; };
		0310915127C95E6B00B415C3 /* Info.plist */ = {isa = PBXFileReference; lastKnownFileType = text.plist.xml; path = Info.plist; sourceTree = "<group>"; };
		0310915627C95E6B00B415C3 /* flixTests.xctest */ = {isa = PBXFileReference; explicitFileType = wrapper.cfbundle; includeInIndex = 0; path = flixTests.xctest; sourceTree = BUILT_PRODUCTS_DIR; };
		0310915A27C95E6B00B415C3 /* flixTests.swift */ = {isa = PBXFileReference; lastKnownFileType = sourcecode.swift; path = flixTests.swift; sourceTree = "<group>"; };
		0310915C27C95E6B00B415C3 /* Info.plist */ = {isa = PBXFileReference; lastKnownFileType = text.plist.xml; path = Info.plist; sourceTree = "<group>"; };
		0310916127C95E6B00B415C3 /* flixUITests.xctest */ = {isa = PBXFileReference; explicitFileType = wrapper.cfbundle; includeInIndex = 0; path = flixUITests.xctest; sourceTree = BUILT_PRODUCTS_DIR; };
		0310916527C95E6B00B415C3 /* flixUITests.swift */ = {isa = PBXFileReference; lastKnownFileType = sourcecode.swift; path = flixUITests.swift; sourceTree = "<group>"; };
		0310916727C95E6B00B415C3 /* Info.plist */ = {isa = PBXFileReference; lastKnownFileType = text.plist.xml; path = Info.plist; sourceTree = "<group>"; };
		26D25A0B6E30A2F0C9C0A134 /* Pods_flix_flixUITests.framework */ = {isa = PBXFileReference; explicitFileType = wrapper.framework; includeInIndex = 0; path = Pods_flix_flixUITests.framework; sourceTree = BUILT_PRODUCTS_DIR; };
		418DBBA0CD12A11E2DFA88DC /* Pods-flix.release.xcconfig */ = {isa = PBXFileReference; includeInIndex = 1; lastKnownFileType = text.xcconfig; name = "Pods-flix.release.xcconfig"; path = "Target Support Files/Pods-flix/Pods-flix.release.xcconfig"; sourceTree = "<group>"; };
		484A1224420DD746B474A7E0 /* Pods-flix-flixUITests.release.xcconfig */ = {isa = PBXFileReference; includeInIndex = 1; lastKnownFileType = text.xcconfig; name = "Pods-flix-flixUITests.release.xcconfig"; path = "Target Support Files/Pods-flix-flixUITests/Pods-flix-flixUITests.release.xcconfig"; sourceTree = "<group>"; };
		BF2B67A024407E3025D96876 /* Pods-flix.debug.xcconfig */ = {isa = PBXFileReference; includeInIndex = 1; lastKnownFileType = text.xcconfig; name = "Pods-flix.debug.xcconfig"; path = "Target Support Files/Pods-flix/Pods-flix.debug.xcconfig"; sourceTree = "<group>"; };
		DDE898050E97CF63121483FC /* Pods-flixTests.release.xcconfig */ = {isa = PBXFileReference; includeInIndex = 1; lastKnownFileType = text.xcconfig; name = "Pods-flixTests.release.xcconfig"; path = "Target Support Files/Pods-flixTests/Pods-flixTests.release.xcconfig"; sourceTree = "<group>"; };
		E654D0F46E1BFAA72A063DC1 /* Pods_flixTests.framework */ = {isa = PBXFileReference; explicitFileType = wrapper.framework; includeInIndex = 0; path = Pods_flixTests.framework; sourceTree = BUILT_PRODUCTS_DIR; };
		EA6DA33B9E6B356343579CBB /* Pods-flixTests.debug.xcconfig */ = {isa = PBXFileReference; includeInIndex = 1; lastKnownFileType = text.xcconfig; name = "Pods-flixTests.debug.xcconfig"; path = "Target Support Files/Pods-flixTests/Pods-flixTests.debug.xcconfig"; sourceTree = "<group>"; };
		EA8D573C866D0580F918C184 /* Pods_flix.framework */ = {isa = PBXFileReference; explicitFileType = wrapper.framework; includeInIndex = 0; path = Pods_flix.framework; sourceTree = BUILT_PRODUCTS_DIR; };
		F4BDDB8E825A689FAD3A2320 /* Pods-flix-flixUITests.debug.xcconfig */ = {isa = PBXFileReference; includeInIndex = 1; lastKnownFileType = text.xcconfig; name = "Pods-flix-flixUITests.debug.xcconfig"; path = "Target Support Files/Pods-flix-flixUITests/Pods-flix-flixUITests.debug.xcconfig"; sourceTree = "<group>"; };
/* End PBXFileReference section */

/* Begin PBXFrameworksBuildPhase section */
		0310913D27C95E6800B415C3 /* Frameworks */ = {
			isa = PBXFrameworksBuildPhase;
			buildActionMask = 2147483647;
			files = (
				0306200C27C98C6600F7ACBB /* AlamofireImage in Frameworks */,
				50DE407A3C6B4B21D9545D59 /* Pods_flix.framework in Frameworks */,
			);
			runOnlyForDeploymentPostprocessing = 0;
		};
		0310915327C95E6B00B415C3 /* Frameworks */ = {
			isa = PBXFrameworksBuildPhase;
			buildActionMask = 2147483647;
			files = (
				71563E857F3DD7757D653091 /* Pods_flixTests.framework in Frameworks */,
			);
			runOnlyForDeploymentPostprocessing = 0;
		};
		0310915E27C95E6B00B415C3 /* Frameworks */ = {
			isa = PBXFrameworksBuildPhase;
			buildActionMask = 2147483647;
			files = (
				145D52ED5CD9DF9672991DDB /* Pods_flix_flixUITests.framework in Frameworks */,
			);
			runOnlyForDeploymentPostprocessing = 0;
		};
/* End PBXFrameworksBuildPhase section */

/* Begin PBXGroup section */
		0310913727C95E6800B415C3 = {
			isa = PBXGroup;
			children = (
				0310914227C95E6800B415C3 /* flix */,
				0310915927C95E6B00B415C3 /* flixTests */,
				0310916427C95E6B00B415C3 /* flixUITests */,
				0310914127C95E6800B415C3 /* Products */,
				EBE033D316F1F9E6E90E0304 /* Pods */,
				6174D399748167CD4AD31351 /* Frameworks */,
			);
			sourceTree = "<group>";
		};
		0310914127C95E6800B415C3 /* Products */ = {
			isa = PBXGroup;
			children = (
				0310914027C95E6800B415C3 /* flix.app */,
				0310915627C95E6B00B415C3 /* flixTests.xctest */,
				0310916127C95E6B00B415C3 /* flixUITests.xctest */,
			);
			name = Products;
			sourceTree = "<group>";
		};
		0310914227C95E6800B415C3 /* flix */ = {
			isa = PBXGroup;
			children = (
				0310914327C95E6800B415C3 /* AppDelegate.swift */,
				0310914527C95E6800B415C3 /* SceneDelegate.swift */,
				0310914727C95E6800B415C3 /* ViewController.swift */,
				0310914927C95E6800B415C3 /* Main.storyboard */,
				0306201027C9916700F7ACBB /* MovieCell.swift */,
				0310914C27C95E6B00B415C3 /* Assets.xcassets */,
				0310914E27C95E6B00B415C3 /* LaunchScreen.storyboard */,
				0310915127C95E6B00B415C3 /* Info.plist */,
				0306200227C983A300F7ACBB /* MoviesViewController.swift */,
			);
			path = flix;
			sourceTree = "<group>";
		};
		0310915927C95E6B00B415C3 /* flixTests */ = {
			isa = PBXGroup;
			children = (
				0310915A27C95E6B00B415C3 /* flixTests.swift */,
				0310915C27C95E6B00B415C3 /* Info.plist */,
			);
			path = flixTests;
			sourceTree = "<group>";
		};
		0310916427C95E6B00B415C3 /* flixUITests */ = {
			isa = PBXGroup;
			children = (
				0310916527C95E6B00B415C3 /* flixUITests.swift */,
				0310916727C95E6B00B415C3 /* Info.plist */,
			);
			path = flixUITests;
			sourceTree = "<group>";
		};
		6174D399748167CD4AD31351 /* Frameworks */ = {
			isa = PBXGroup;
			children = (
				EA8D573C866D0580F918C184 /* Pods_flix.framework */,
				26D25A0B6E30A2F0C9C0A134 /* Pods_flix_flixUITests.framework */,
				E654D0F46E1BFAA72A063DC1 /* Pods_flixTests.framework */,
			);
			name = Frameworks;
			sourceTree = "<group>";
		};
		EBE033D316F1F9E6E90E0304 /* Pods */ = {
			isa = PBXGroup;
			children = (
				BF2B67A024407E3025D96876 /* Pods-flix.debug.xcconfig */,
				418DBBA0CD12A11E2DFA88DC /* Pods-flix.release.xcconfig */,
				F4BDDB8E825A689FAD3A2320 /* Pods-flix-flixUITests.debug.xcconfig */,
				484A1224420DD746B474A7E0 /* Pods-flix-flixUITests.release.xcconfig */,
				EA6DA33B9E6B356343579CBB /* Pods-flixTests.debug.xcconfig */,
				DDE898050E97CF63121483FC /* Pods-flixTests.release.xcconfig */,
			);
			path = Pods;
			sourceTree = "<group>";
		};
/* End PBXGroup section */

/* Begin PBXNativeTarget section */
		0310913F27C95E6800B415C3 /* flix */ = {
			isa = PBXNativeTarget;
			buildConfigurationList = 0310916A27C95E6B00B415C3 /* Build configuration list for PBXNativeTarget "flix" */;
			buildPhases = (
				E81A913E519B1175F230F8CC /* [CP] Check Pods Manifest.lock */,
				0310913C27C95E6800B415C3 /* Sources */,
				0310913D27C95E6800B415C3 /* Frameworks */,
				0310913E27C95E6800B415C3 /* Resources */,
				7150949B90874804B8654AFE /* [CP] Embed Pods Frameworks */,
			);
			buildRules = (
			);
			dependencies = (
			);
			name = flix;
			packageProductDependencies = (
				0306200B27C98C6600F7ACBB /* AlamofireImage */,
			);
			productName = flix;
			productReference = 0310914027C95E6800B415C3 /* flix.app */;
			productType = "com.apple.product-type.application";
		};
		0310915527C95E6B00B415C3 /* flixTests */ = {
			isa = PBXNativeTarget;
			buildConfigurationList = 0310916D27C95E6B00B415C3 /* Build configuration list for PBXNativeTarget "flixTests" */;
			buildPhases = (
				F6C78C4EE2CFA00D1DF7BCF0 /* [CP] Check Pods Manifest.lock */,
				0310915227C95E6B00B415C3 /* Sources */,
				0310915327C95E6B00B415C3 /* Frameworks */,
				0310915427C95E6B00B415C3 /* Resources */,
			);
			buildRules = (
			);
			dependencies = (
				0310915827C95E6B00B415C3 /* PBXTargetDependency */,
			);
			name = flixTests;
			productName = flixTests;
			productReference = 0310915627C95E6B00B415C3 /* flixTests.xctest */;
			productType = "com.apple.product-type.bundle.unit-test";
		};
		0310916027C95E6B00B415C3 /* flixUITests */ = {
			isa = PBXNativeTarget;
			buildConfigurationList = 0310917027C95E6B00B415C3 /* Build configuration list for PBXNativeTarget "flixUITests" */;
			buildPhases = (
				09E2DB777287D4741F573DAC /* [CP] Check Pods Manifest.lock */,
				0310915D27C95E6B00B415C3 /* Sources */,
				0310915E27C95E6B00B415C3 /* Frameworks */,
				0310915F27C95E6B00B415C3 /* Resources */,
				D74DF2D6B1F11E4B56A47D1F /* [CP] Embed Pods Frameworks */,
			);
			buildRules = (
			);
			dependencies = (
				0310916327C95E6B00B415C3 /* PBXTargetDependency */,
			);
			name = flixUITests;
			productName = flixUITests;
			productReference = 0310916127C95E6B00B415C3 /* flixUITests.xctest */;
			productType = "com.apple.product-type.bundle.ui-testing";
		};
/* End PBXNativeTarget section */

/* Begin PBXProject section */
		0310913827C95E6800B415C3 /* Project object */ = {
			isa = PBXProject;
			attributes = {
				LastSwiftUpdateCheck = 1200;
				LastUpgradeCheck = 1200;
				TargetAttributes = {
					0310913F27C95E6800B415C3 = {
						CreatedOnToolsVersion = 12.0.1;
					};
					0310915527C95E6B00B415C3 = {
						CreatedOnToolsVersion = 12.0.1;
						TestTargetID = 0310913F27C95E6800B415C3;
					};
					0310916027C95E6B00B415C3 = {
						CreatedOnToolsVersion = 12.0.1;
						TestTargetID = 0310913F27C95E6800B415C3;
					};
				};
			};
			buildConfigurationList = 0310913B27C95E6800B415C3 /* Build configuration list for PBXProject "flix" */;
			compatibilityVersion = "Xcode 9.3";
			developmentRegion = en;
			hasScannedForEncodings = 0;
			knownRegions = (
				en,
				Base,
			);
			mainGroup = 0310913727C95E6800B415C3;
			packageReferences = (
				0306200A27C98C6600F7ACBB /* XCRemoteSwiftPackageReference "AlamofireImage" */,
			);
			productRefGroup = 0310914127C95E6800B415C3 /* Products */;
			projectDirPath = "";
			projectRoot = "";
			targets = (
				0310913F27C95E6800B415C3 /* flix */,
				0310915527C95E6B00B415C3 /* flixTests */,
				0310916027C95E6B00B415C3 /* flixUITests */,
			);
		};
/* End PBXProject section */

/* Begin PBXResourcesBuildPhase section */
		0310913E27C95E6800B415C3 /* Resources */ = {
			isa = PBXResourcesBuildPhase;
			buildActionMask = 2147483647;
			files = (
				0310915027C95E6B00B415C3 /* LaunchScreen.storyboard in Resources */,
				0310914D27C95E6B00B415C3 /* Assets.xcassets in Resources */,
				0310914B27C95E6800B415C3 /* Main.storyboard in Resources */,
			);
			runOnlyForDeploymentPostprocessing = 0;
		};
		0310915427C95E6B00B415C3 /* Resources */ = {
			isa = PBXResourcesBuildPhase;
			buildActionMask = 2147483647;
			files = (
			);
			runOnlyForDeploymentPostprocessing = 0;
		};
		0310915F27C95E6B00B415C3 /* Resources */ = {
			isa = PBXResourcesBuildPhase;
			buildActionMask = 2147483647;
			files = (
			);
			runOnlyForDeploymentPostprocessing = 0;
		};
/* End PBXResourcesBuildPhase section */

/* Begin PBXShellScriptBuildPhase section */
		09E2DB777287D4741F573DAC /* [CP] Check Pods Manifest.lock */ = {
			isa = PBXShellScriptBuildPhase;
			buildActionMask = 2147483647;
			files = (
			);
			inputFileListPaths = (
			);
			inputPaths = (
				"${PODS_PODFILE_DIR_PATH}/Podfile.lock",
				"${PODS_ROOT}/Manifest.lock",
			);
			name = "[CP] Check Pods Manifest.lock";
			outputFileListPaths = (
			);
			outputPaths = (
				"$(DERIVED_FILE_DIR)/Pods-flix-flixUITests-checkManifestLockResult.txt",
			);
			runOnlyForDeploymentPostprocessing = 0;
			shellPath = /bin/sh;
			shellScript = "diff \"${PODS_PODFILE_DIR_PATH}/Podfile.lock\" \"${PODS_ROOT}/Manifest.lock\" > /dev/null\nif [ $? != 0 ] ; then\n    # print error to STDERR\n    echo \"error: The sandbox is not in sync with the Podfile.lock. Run 'pod install' or update your CocoaPods installation.\" >&2\n    exit 1\nfi\n# This output is used by Xcode 'outputs' to avoid re-running this script phase.\necho \"SUCCESS\" > \"${SCRIPT_OUTPUT_FILE_0}\"\n";
			showEnvVarsInLog = 0;
		};
		7150949B90874804B8654AFE /* [CP] Embed Pods Frameworks */ = {
			isa = PBXShellScriptBuildPhase;
			buildActionMask = 2147483647;
			files = (
			);
			inputFileListPaths = (
				"${PODS_ROOT}/Target Support Files/Pods-flix/Pods-flix-frameworks-${CONFIGURATION}-input-files.xcfilelist",
			);
			name = "[CP] Embed Pods Frameworks";
			outputFileListPaths = (
				"${PODS_ROOT}/Target Support Files/Pods-flix/Pods-flix-frameworks-${CONFIGURATION}-output-files.xcfilelist",
			);
			runOnlyForDeploymentPostprocessing = 0;
			shellPath = /bin/sh;
			shellScript = "\"${PODS_ROOT}/Target Support Files/Pods-flix/Pods-flix-frameworks.sh\"\n";
			showEnvVarsInLog = 0;
		};
		D74DF2D6B1F11E4B56A47D1F /* [CP] Embed Pods Frameworks */ = {
			isa = PBXShellScriptBuildPhase;
			buildActionMask = 2147483647;
			files = (
			);
			inputFileListPaths = (
				"${PODS_ROOT}/Target Support Files/Pods-flix-flixUITests/Pods-flix-flixUITests-frameworks-${CONFIGURATION}-input-files.xcfilelist",
			);
			name = "[CP] Embed Pods Frameworks";
			outputFileListPaths = (
				"${PODS_ROOT}/Target Support Files/Pods-flix-flixUITests/Pods-flix-flixUITests-frameworks-${CONFIGURATION}-output-files.xcfilelist",
			);
			runOnlyForDeploymentPostprocessing = 0;
			shellPath = /bin/sh;
			shellScript = "\"${PODS_ROOT}/Target Support Files/Pods-flix-flixUITests/Pods-flix-flixUITests-frameworks.sh\"\n";
			showEnvVarsInLog = 0;
		};
		E81A913E519B1175F230F8CC /* [CP] Check Pods Manifest.lock */ = {
			isa = PBXShellScriptBuildPhase;
			buildActionMask = 2147483647;
			files = (
			);
			inputFileListPaths = (
			);
			inputPaths = (
				"${PODS_PODFILE_DIR_PATH}/Podfile.lock",
				"${PODS_ROOT}/Manifest.lock",
			);
			name = "[CP] Check Pods Manifest.lock";
			outputFileListPaths = (
			);
			outputPaths = (
				"$(DERIVED_FILE_DIR)/Pods-flix-checkManifestLockResult.txt",
			);
			runOnlyForDeploymentPostprocessing = 0;
			shellPath = /bin/sh;
			shellScript = "diff \"${PODS_PODFILE_DIR_PATH}/Podfile.lock\" \"${PODS_ROOT}/Manifest.lock\" > /dev/null\nif [ $? != 0 ] ; then\n    # print error to STDERR\n    echo \"error: The sandbox is not in sync with the Podfile.lock. Run 'pod install' or update your CocoaPods installation.\" >&2\n    exit 1\nfi\n# This output is used by Xcode 'outputs' to avoid re-running this script phase.\necho \"SUCCESS\" > \"${SCRIPT_OUTPUT_FILE_0}\"\n";
			showEnvVarsInLog = 0;
		};
		F6C78C4EE2CFA00D1DF7BCF0 /* [CP] Check Pods Manifest.lock */ = {
			isa = PBXShellScriptBuildPhase;
			buildActionMask = 2147483647;
			files = (
			);
			inputFileListPaths = (
			);
			inputPaths = (
				"${PODS_PODFILE_DIR_PATH}/Podfile.lock",
				"${PODS_ROOT}/Manifest.lock",
			);
			name = "[CP] Check Pods Manifest.lock";
			outputFileListPaths = (
			);
			outputPaths = (
				"$(DERIVED_FILE_DIR)/Pods-flixTests-checkManifestLockResult.txt",
			);
			runOnlyForDeploymentPostprocessing = 0;
			shellPath = /bin/sh;
			shellScript = "diff \"${PODS_PODFILE_DIR_PATH}/Podfile.lock\" \"${PODS_ROOT}/Manifest.lock\" > /dev/null\nif [ $? != 0 ] ; then\n    # print error to STDERR\n    echo \"error: The sandbox is not in sync with the Podfile.lock. Run 'pod install' or update your CocoaPods installation.\" >&2\n    exit 1\nfi\n# This output is used by Xcode 'outputs' to avoid re-running this script phase.\necho \"SUCCESS\" > \"${SCRIPT_OUTPUT_FILE_0}\"\n";
			showEnvVarsInLog = 0;
		};
/* End PBXShellScriptBuildPhase section */

/* Begin PBXSourcesBuildPhase section */
		0310913C27C95E6800B415C3 /* Sources */ = {
			isa = PBXSourcesBuildPhase;
			buildActionMask = 2147483647;
			files = (
				0310914827C95E6800B415C3 /* ViewController.swift in Sources */,
				0306200327C983A300F7ACBB /* MoviesViewController.swift in Sources */,
				0310914427C95E6800B415C3 /* AppDelegate.swift in Sources */,
				0306201127C9916700F7ACBB /* MovieCell.swift in Sources */,
				0310914627C95E6800B415C3 /* SceneDelegate.swift in Sources */,
			);
			runOnlyForDeploymentPostprocessing = 0;
		};
		0310915227C95E6B00B415C3 /* Sources */ = {
			isa = PBXSourcesBuildPhase;
			buildActionMask = 2147483647;
			files = (
				0310915B27C95E6B00B415C3 /* flixTests.swift in Sources */,
			);
			runOnlyForDeploymentPostprocessing = 0;
		};
		0310915D27C95E6B00B415C3 /* Sources */ = {
			isa = PBXSourcesBuildPhase;
			buildActionMask = 2147483647;
			files = (
				0310916627C95E6B00B415C3 /* flixUITests.swift in Sources */,
			);
			runOnlyForDeploymentPostprocessing = 0;
		};
/* End PBXSourcesBuildPhase section */

/* Begin PBXTargetDependency section */
		0310915827C95E6B00B415C3 /* PBXTargetDependency */ = {
			isa = PBXTargetDependency;
			target = 0310913F27C95E6800B415C3 /* flix */;
			targetProxy = 0310915727C95E6B00B415C3 /* PBXContainerItemProxy */;
		};
		0310916327C95E6B00B415C3 /* PBXTargetDependency */ = {
			isa = PBXTargetDependency;
			target = 0310913F27C95E6800B415C3 /* flix */;
			targetProxy = 0310916227C95E6B00B415C3 /* PBXContainerItemProxy */;
		};
/* End PBXTargetDependency section */

/* Begin PBXVariantGroup section */
		0310914927C95E6800B415C3 /* Main.storyboard */ = {
			isa = PBXVariantGroup;
			children = (
				0310914A27C95E6800B415C3 /* Base */,
			);
			name = Main.storyboard;
			sourceTree = "<group>";
		};
		0310914E27C95E6B00B415C3 /* LaunchScreen.storyboard */ = {
			isa = PBXVariantGroup;
			children = (
				0310914F27C95E6B00B415C3 /* Base */,
			);
			name = LaunchScreen.storyboard;
			sourceTree = "<group>";
		};
/* End PBXVariantGroup section */

/* Begin XCBuildConfiguration section */
		0310916827C95E6B00B415C3 /* Debug */ = {
			isa = XCBuildConfiguration;
			buildSettings = {
				ALWAYS_SEARCH_USER_PATHS = NO;
				CLANG_ANALYZER_NONNULL = YES;
				CLANG_ANALYZER_NUMBER_OBJECT_CONVERSION = YES_AGGRESSIVE;
				CLANG_CXX_LANGUAGE_STANDARD = "gnu++14";
				CLANG_CXX_LIBRARY = "libc++";
				CLANG_ENABLE_MODULES = YES;
				CLANG_ENABLE_OBJC_ARC = YES;
				CLANG_ENABLE_OBJC_WEAK = YES;
				CLANG_WARN_BLOCK_CAPTURE_AUTORELEASING = YES;
				CLANG_WARN_BOOL_CONVERSION = YES;
				CLANG_WARN_COMMA = YES;
				CLANG_WARN_CONSTANT_CONVERSION = YES;
				CLANG_WARN_DEPRECATED_OBJC_IMPLEMENTATIONS = YES;
				CLANG_WARN_DIRECT_OBJC_ISA_USAGE = YES_ERROR;
				CLANG_WARN_DOCUMENTATION_COMMENTS = YES;
				CLANG_WARN_EMPTY_BODY = YES;
				CLANG_WARN_ENUM_CONVERSION = YES;
				CLANG_WARN_INFINITE_RECURSION = YES;
				CLANG_WARN_INT_CONVERSION = YES;
				CLANG_WARN_NON_LITERAL_NULL_CONVERSION = YES;
				CLANG_WARN_OBJC_IMPLICIT_RETAIN_SELF = YES;
				CLANG_WARN_OBJC_LITERAL_CONVERSION = YES;
				CLANG_WARN_OBJC_ROOT_CLASS = YES_ERROR;
				CLANG_WARN_QUOTED_INCLUDE_IN_FRAMEWORK_HEADER = YES;
				CLANG_WARN_RANGE_LOOP_ANALYSIS = YES;
				CLANG_WARN_STRICT_PROTOTYPES = YES;
				CLANG_WARN_SUSPICIOUS_MOVE = YES;
				CLANG_WARN_UNGUARDED_AVAILABILITY = YES_AGGRESSIVE;
				CLANG_WARN_UNREACHABLE_CODE = YES;
				CLANG_WARN__DUPLICATE_METHOD_MATCH = YES;
				COPY_PHASE_STRIP = NO;
				DEBUG_INFORMATION_FORMAT = dwarf;
				ENABLE_STRICT_OBJC_MSGSEND = YES;
				ENABLE_TESTABILITY = YES;
				GCC_C_LANGUAGE_STANDARD = gnu11;
				GCC_DYNAMIC_NO_PIC = NO;
				GCC_NO_COMMON_BLOCKS = YES;
				GCC_OPTIMIZATION_LEVEL = 0;
				GCC_PREPROCESSOR_DEFINITIONS = (
					"DEBUG=1",
					"$(inherited)",
				);
				GCC_WARN_64_TO_32_BIT_CONVERSION = YES;
				GCC_WARN_ABOUT_RETURN_TYPE = YES_ERROR;
				GCC_WARN_UNDECLARED_SELECTOR = YES;
				GCC_WARN_UNINITIALIZED_AUTOS = YES_AGGRESSIVE;
				GCC_WARN_UNUSED_FUNCTION = YES;
				GCC_WARN_UNUSED_VARIABLE = YES;
				IPHONEOS_DEPLOYMENT_TARGET = 14.0;
				MTL_ENABLE_DEBUG_INFO = INCLUDE_SOURCE;
				MTL_FAST_MATH = YES;
				ONLY_ACTIVE_ARCH = YES;
				SDKROOT = iphoneos;
				SWIFT_ACTIVE_COMPILATION_CONDITIONS = DEBUG;
				SWIFT_OPTIMIZATION_LEVEL = "-Onone";
			};
			name = Debug;
		};
		0310916927C95E6B00B415C3 /* Release */ = {
			isa = XCBuildConfiguration;
			buildSettings = {
				ALWAYS_SEARCH_USER_PATHS = NO;
				CLANG_ANALYZER_NONNULL = YES;
				CLANG_ANALYZER_NUMBER_OBJECT_CONVERSION = YES_AGGRESSIVE;
				CLANG_CXX_LANGUAGE_STANDARD = "gnu++14";
				CLANG_CXX_LIBRARY = "libc++";
				CLANG_ENABLE_MODULES = YES;
				CLANG_ENABLE_OBJC_ARC = YES;
				CLANG_ENABLE_OBJC_WEAK = YES;
				CLANG_WARN_BLOCK_CAPTURE_AUTORELEASING = YES;
				CLANG_WARN_BOOL_CONVERSION = YES;
				CLANG_WARN_COMMA = YES;
				CLANG_WARN_CONSTANT_CONVERSION = YES;
				CLANG_WARN_DEPRECATED_OBJC_IMPLEMENTATIONS = YES;
				CLANG_WARN_DIRECT_OBJC_ISA_USAGE = YES_ERROR;
				CLANG_WARN_DOCUMENTATION_COMMENTS = YES;
				CLANG_WARN_EMPTY_BODY = YES;
				CLANG_WARN_ENUM_CONVERSION = YES;
				CLANG_WARN_INFINITE_RECURSION = YES;
				CLANG_WARN_INT_CONVERSION = YES;
				CLANG_WARN_NON_LITERAL_NULL_CONVERSION = YES;
				CLANG_WARN_OBJC_IMPLICIT_RETAIN_SELF = YES;
				CLANG_WARN_OBJC_LITERAL_CONVERSION = YES;
				CLANG_WARN_OBJC_ROOT_CLASS = YES_ERROR;
				CLANG_WARN_QUOTED_INCLUDE_IN_FRAMEWORK_HEADER = YES;
				CLANG_WARN_RANGE_LOOP_ANALYSIS = YES;
				CLANG_WARN_STRICT_PROTOTYPES = YES;
				CLANG_WARN_SUSPICIOUS_MOVE = YES;
				CLANG_WARN_UNGUARDED_AVAILABILITY = YES_AGGRESSIVE;
				CLANG_WARN_UNREACHABLE_CODE = YES;
				CLANG_WARN__DUPLICATE_METHOD_MATCH = YES;
				COPY_PHASE_STRIP = NO;
				DEBUG_INFORMATION_FORMAT = "dwarf-with-dsym";
				ENABLE_NS_ASSERTIONS = NO;
				ENABLE_STRICT_OBJC_MSGSEND = YES;
				GCC_C_LANGUAGE_STANDARD = gnu11;
				GCC_NO_COMMON_BLOCKS = YES;
				GCC_WARN_64_TO_32_BIT_CONVERSION = YES;
				GCC_WARN_ABOUT_RETURN_TYPE = YES_ERROR;
				GCC_WARN_UNDECLARED_SELECTOR = YES;
				GCC_WARN_UNINITIALIZED_AUTOS = YES_AGGRESSIVE;
				GCC_WARN_UNUSED_FUNCTION = YES;
				GCC_WARN_UNUSED_VARIABLE = YES;
				IPHONEOS_DEPLOYMENT_TARGET = 14.0;
				MTL_ENABLE_DEBUG_INFO = NO;
				MTL_FAST_MATH = YES;
				SDKROOT = iphoneos;
				SWIFT_COMPILATION_MODE = wholemodule;
				SWIFT_OPTIMIZATION_LEVEL = "-O";
				VALIDATE_PRODUCT = YES;
			};
			name = Release;
		};
		0310916B27C95E6B00B415C3 /* Debug */ = {
			isa = XCBuildConfiguration;
			baseConfigurationReference = BF2B67A024407E3025D96876 /* Pods-flix.debug.xcconfig */;
			buildSettings = {
				ASSETCATALOG_COMPILER_APPICON_NAME = AppIcon;
				ASSETCATALOG_COMPILER_GLOBAL_ACCENT_COLOR_NAME = AccentColor;
				CODE_SIGN_STYLE = Automatic;
				INFOPLIST_FILE = flix/Info.plist;
				LD_RUNPATH_SEARCH_PATHS = (
					"$(inherited)",
					"@executable_path/Frameworks",
				);
				PRODUCT_BUNDLE_IDENTIFIER = com.dashboard.flix;
				PRODUCT_NAME = "$(TARGET_NAME)";
				SWIFT_VERSION = 5.0;
				TARGETED_DEVICE_FAMILY = "1,2";
			};
			name = Debug;
		};
		0310916C27C95E6B00B415C3 /* Release */ = {
			isa = XCBuildConfiguration;
			baseConfigurationReference = 418DBBA0CD12A11E2DFA88DC /* Pods-flix.release.xcconfig */;
			buildSettings = {
				ASSETCATALOG_COMPILER_APPICON_NAME = AppIcon;
				ASSETCATALOG_COMPILER_GLOBAL_ACCENT_COLOR_NAME = AccentColor;
				CODE_SIGN_STYLE = Automatic;
				INFOPLIST_FILE = flix/Info.plist;
				LD_RUNPATH_SEARCH_PATHS = (
					"$(inherited)",
					"@executable_path/Frameworks",
				);
				PRODUCT_BUNDLE_IDENTIFIER = com.dashboard.flix;
				PRODUCT_NAME = "$(TARGET_NAME)";
				SWIFT_VERSION = 5.0;
				TARGETED_DEVICE_FAMILY = "1,2";
			};
			name = Release;
		};
		0310916E27C95E6B00B415C3 /* Debug */ = {
			isa = XCBuildConfiguration;
			baseConfigurationReference = EA6DA33B9E6B356343579CBB /* Pods-flixTests.debug.xcconfig */;
			buildSettings = {
				ALWAYS_EMBED_SWIFT_STANDARD_LIBRARIES = YES;
				BUNDLE_LOADER = "$(TEST_HOST)";
				CODE_SIGN_STYLE = Automatic;
				INFOPLIST_FILE = flixTests/Info.plist;
				IPHONEOS_DEPLOYMENT_TARGET = 14.0;
				LD_RUNPATH_SEARCH_PATHS = (
					"$(inherited)",
					"@executable_path/Frameworks",
					"@loader_path/Frameworks",
				);
				PRODUCT_BUNDLE_IDENTIFIER = com.dashboard.flixTests;
				PRODUCT_NAME = "$(TARGET_NAME)";
				SWIFT_VERSION = 5.0;
				TARGETED_DEVICE_FAMILY = "1,2";
				TEST_HOST = "$(BUILT_PRODUCTS_DIR)/flix.app/flix";
			};
			name = Debug;
		};
		0310916F27C95E6B00B415C3 /* Release */ = {
			isa = XCBuildConfiguration;
			baseConfigurationReference = DDE898050E97CF63121483FC /* Pods-flixTests.release.xcconfig */;
			buildSettings = {
				ALWAYS_EMBED_SWIFT_STANDARD_LIBRARIES = YES;
				BUNDLE_LOADER = "$(TEST_HOST)";
				CODE_SIGN_STYLE = Automatic;
				INFOPLIST_FILE = flixTests/Info.plist;
				IPHONEOS_DEPLOYMENT_TARGET = 14.0;
				LD_RUNPATH_SEARCH_PATHS = (
					"$(inherited)",
					"@executable_path/Frameworks",
					"@loader_path/Frameworks",
				);
				PRODUCT_BUNDLE_IDENTIFIER = com.dashboard.flixTests;
				PRODUCT_NAME = "$(TARGET_NAME)";
				SWIFT_VERSION = 5.0;
				TARGETED_DEVICE_FAMILY = "1,2";
				TEST_HOST = "$(BUILT_PRODUCTS_DIR)/flix.app/flix";
			};
			name = Release;
		};
		0310917127C95E6B00B415C3 /* Debug */ = {
			isa = XCBuildConfiguration;
			baseConfigurationReference = F4BDDB8E825A689FAD3A2320 /* Pods-flix-flixUITests.debug.xcconfig */;
			buildSettings = {
				ALWAYS_EMBED_SWIFT_STANDARD_LIBRARIES = YES;
				CODE_SIGN_STYLE = Automatic;
				INFOPLIST_FILE = flixUITests/Info.plist;
				LD_RUNPATH_SEARCH_PATHS = (
					"$(inherited)",
					"@executable_path/Frameworks",
					"@loader_path/Frameworks",
				);
				PRODUCT_BUNDLE_IDENTIFIER = com.dashboard.flixUITests;
				PRODUCT_NAME = "$(TARGET_NAME)";
				SWIFT_VERSION = 5.0;
				TARGETED_DEVICE_FAMILY = "1,2";
				TEST_TARGET_NAME = flix;
			};
			name = Debug;
		};
		0310917227C95E6B00B415C3 /* Release */ = {
			isa = XCBuildConfiguration;
			baseConfigurationReference = 484A1224420DD746B474A7E0 /* Pods-flix-flixUITests.release.xcconfig */;
			buildSettings = {
				ALWAYS_EMBED_SWIFT_STANDARD_LIBRARIES = YES;
				CODE_SIGN_STYLE = Automatic;
				INFOPLIST_FILE = flixUITests/Info.plist;
				LD_RUNPATH_SEARCH_PATHS = (
					"$(inherited)",
					"@executable_path/Frameworks",
					"@loader_path/Frameworks",
				);
				PRODUCT_BUNDLE_IDENTIFIER = com.dashboard.flixUITests;
				PRODUCT_NAME = "$(TARGET_NAME)";
				SWIFT_VERSION = 5.0;
				TARGETED_DEVICE_FAMILY = "1,2";
				TEST_TARGET_NAME = flix;
			};
			name = Release;
		};
/* End XCBuildConfiguration section */

/* Begin XCConfigurationList section */
		0310913B27C95E6800B415C3 /* Build configuration list for PBXProject "flix" */ = {
			isa = XCConfigurationList;
			buildConfigurations = (
				0310916827C95E6B00B415C3 /* Debug */,
				0310916927C95E6B00B415C3 /* Release */,
			);
			defaultConfigurationIsVisible = 0;
			defaultConfigurationName = Release;
		};
		0310916A27C95E6B00B415C3 /* Build configuration list for PBXNativeTarget "flix" */ = {
			isa = XCConfigurationList;
			buildConfigurations = (
				0310916B27C95E6B00B415C3 /* Debug */,
				0310916C27C95E6B00B415C3 /* Release */,
			);
			defaultConfigurationIsVisible = 0;
			defaultConfigurationName = Release;
		};
		0310916D27C95E6B00B415C3 /* Build configuration list for PBXNativeTarget "flixTests" */ = {
			isa = XCConfigurationList;
			buildConfigurations = (
				0310916E27C95E6B00B415C3 /* Debug */,
				0310916F27C95E6B00B415C3 /* Release */,
			);
			defaultConfigurationIsVisible = 0;
			defaultConfigurationName = Release;
		};
		0310917027C95E6B00B415C3 /* Build configuration list for PBXNativeTarget "flixUITests" */ = {
			isa = XCConfigurationList;
			buildConfigurations = (
				0310917127C95E6B00B415C3 /* Debug */,
				0310917227C95E6B00B415C3 /* Release */,
			);
			defaultConfigurationIsVisible = 0;
			defaultConfigurationName = Release;
		};
/* End XCConfigurationList section */

/* Begin XCRemoteSwiftPackageReference section */
		0306200A27C98C6600F7ACBB /* XCRemoteSwiftPackageReference "AlamofireImage" */ = {
			isa = XCRemoteSwiftPackageReference;
			repositoryURL = "https://github.com/Alamofire/AlamofireImage";
			requirement = {
				kind = upToNextMajorVersion;
				minimumVersion = 4.2.0;
			};
		};
/* End XCRemoteSwiftPackageReference section */

/* Begin XCSwiftPackageProductDependency section */
		0306200B27C98C6600F7ACBB /* AlamofireImage */ = {
			isa = XCSwiftPackageProductDependency;
			package = 0306200A27C98C6600F7ACBB /* XCRemoteSwiftPackageReference "AlamofireImage" */;
			productName = AlamofireImage;
		};
/* End XCSwiftPackageProductDependency section */
	};
	rootObject = 0310913827C95E6800B415C3 /* Project object */;
}
